// !$*UTF8*$!
{
	archiveVersion = 1;
	classes = {
	};
	objectVersion = 46;
	objects = {

/* Begin PBXBuildFile section */
		B6A202081880746E0022558E /* Foundation.framework in Frameworks */ = {isa = PBXBuildFile; fileRef = B6A202071880746E0022558E /* Foundation.framework */; };
		B6A2020A1880746E0022558E /* CoreGraphics.framework in Frameworks */ = {isa = PBXBuildFile; fileRef = B6A202091880746E0022558E /* CoreGraphics.framework */; };
		B6A2020C1880746E0022558E /* UIKit.framework in Frameworks */ = {isa = PBXBuildFile; fileRef = B6A2020B1880746E0022558E /* UIKit.framework */; };
		B6A202121880746E0022558E /* InfoPlist.strings in Resources */ = {isa = PBXBuildFile; fileRef = B6A202101880746E0022558E /* InfoPlist.strings */; };
		B6A202141880746E0022558E /* main.m in Sources */ = {isa = PBXBuildFile; fileRef = B6A202131880746E0022558E /* main.m */; };
		B6A202181880746E0022558E /* TiAppDelegate.m in Sources */ = {isa = PBXBuildFile; fileRef = B6A202171880746E0022558E /* TiAppDelegate.m */; };
		B6A2021B1880746E0022558E /* Main.storyboard in Resources */ = {isa = PBXBuildFile; fileRef = B6A202191880746E0022558E /* Main.storyboard */; };
		B6A2021E1880746E0022558E /* TiViewController.m in Sources */ = {isa = PBXBuildFile; fileRef = B6A2021D1880746E0022558E /* TiViewController.m */; };
		B6A202201880746E0022558E /* Images.xcassets in Resources */ = {isa = PBXBuildFile; fileRef = B6A2021F1880746E0022558E /* Images.xcassets */; };
		B6A202271880746F0022558E /* XCTest.framework in Frameworks */ = {isa = PBXBuildFile; fileRef = B6A202261880746F0022558E /* XCTest.framework */; };
		B6A202281880746F0022558E /* Foundation.framework in Frameworks */ = {isa = PBXBuildFile; fileRef = B6A202071880746E0022558E /* Foundation.framework */; };
		B6A202291880746F0022558E /* UIKit.framework in Frameworks */ = {isa = PBXBuildFile; fileRef = B6A2020B1880746E0022558E /* UIKit.framework */; };
		B6A202311880746F0022558E /* InfoPlist.strings in Resources */ = {isa = PBXBuildFile; fileRef = B6A2022F1880746F0022558E /* InfoPlist.strings */; };
		B6A202331880746F0022558E /* HTTPClientTests.m in Sources */ = {isa = PBXBuildFile; fileRef = B6A202321880746F0022558E /* HTTPClientTests.m */; };
/* End PBXBuildFile section */

/* Begin PBXContainerItemProxy section */
		B6A2022A1880746F0022558E /* PBXContainerItemProxy */ = {
			isa = PBXContainerItemProxy;
			containerPortal = B6A201FC1880746E0022558E /* Project object */;
			proxyType = 1;
			remoteGlobalIDString = B6A202031880746E0022558E;
			remoteInfo = HTTPClient;
		};
/* End PBXContainerItemProxy section */

/* Begin PBXFileReference section */
		B6A202041880746E0022558E /* HTTPClient.app */ = {isa = PBXFileReference; explicitFileType = wrapper.application; includeInIndex = 0; path = HTTPClient.app; sourceTree = BUILT_PRODUCTS_DIR; };
		B6A202071880746E0022558E /* Foundation.framework */ = {isa = PBXFileReference; lastKnownFileType = wrapper.framework; name = Foundation.framework; path = System/Library/Frameworks/Foundation.framework; sourceTree = SDKROOT; };
		B6A202091880746E0022558E /* CoreGraphics.framework */ = {isa = PBXFileReference; lastKnownFileType = wrapper.framework; name = CoreGraphics.framework; path = System/Library/Frameworks/CoreGraphics.framework; sourceTree = SDKROOT; };
		B6A2020B1880746E0022558E /* UIKit.framework */ = {isa = PBXFileReference; lastKnownFileType = wrapper.framework; name = UIKit.framework; path = System/Library/Frameworks/UIKit.framework; sourceTree = SDKROOT; };
		B6A2020F1880746E0022558E /* HTTPClient-Info.plist */ = {isa = PBXFileReference; lastKnownFileType = text.plist.xml; path = "HTTPClient-Info.plist"; sourceTree = "<group>"; };
		B6A202111880746E0022558E /* en */ = {isa = PBXFileReference; lastKnownFileType = text.plist.strings; name = en; path = en.lproj/InfoPlist.strings; sourceTree = "<group>"; };
		B6A202131880746E0022558E /* main.m */ = {isa = PBXFileReference; lastKnownFileType = sourcecode.c.objc; path = main.m; sourceTree = "<group>"; };
		B6A202151880746E0022558E /* HTTPClient-Prefix.pch */ = {isa = PBXFileReference; lastKnownFileType = sourcecode.c.h; path = "HTTPClient-Prefix.pch"; sourceTree = "<group>"; };
		B6A202161880746E0022558E /* TiAppDelegate.h */ = {isa = PBXFileReference; lastKnownFileType = sourcecode.c.h; path = TiAppDelegate.h; sourceTree = "<group>"; };
		B6A202171880746E0022558E /* TiAppDelegate.m */ = {isa = PBXFileReference; lastKnownFileType = sourcecode.c.objc; path = TiAppDelegate.m; sourceTree = "<group>"; };
		B6A2021A1880746E0022558E /* Base */ = {isa = PBXFileReference; lastKnownFileType = file.storyboard; name = Base; path = Base.lproj/Main.storyboard; sourceTree = "<group>"; };
		B6A2021C1880746E0022558E /* TiViewController.h */ = {isa = PBXFileReference; lastKnownFileType = sourcecode.c.h; path = TiViewController.h; sourceTree = "<group>"; };
		B6A2021D1880746E0022558E /* TiViewController.m */ = {isa = PBXFileReference; lastKnownFileType = sourcecode.c.objc; path = TiViewController.m; sourceTree = "<group>"; };
		B6A2021F1880746E0022558E /* Images.xcassets */ = {isa = PBXFileReference; lastKnownFileType = folder.assetcatalog; path = Images.xcassets; sourceTree = "<group>"; };
		B6A202251880746F0022558E /* HTTPClientTests.xctest */ = {isa = PBXFileReference; explicitFileType = wrapper.cfbundle; includeInIndex = 0; path = HTTPClientTests.xctest; sourceTree = BUILT_PRODUCTS_DIR; };
		B6A202261880746F0022558E /* XCTest.framework */ = {isa = PBXFileReference; lastKnownFileType = wrapper.framework; name = XCTest.framework; path = Library/Frameworks/XCTest.framework; sourceTree = DEVELOPER_DIR; };
		B6A2022E1880746F0022558E /* HTTPClientTests-Info.plist */ = {isa = PBXFileReference; lastKnownFileType = text.plist.xml; path = "HTTPClientTests-Info.plist"; sourceTree = "<group>"; };
		B6A202301880746F0022558E /* en */ = {isa = PBXFileReference; lastKnownFileType = text.plist.strings; name = en; path = en.lproj/InfoPlist.strings; sourceTree = "<group>"; };
		B6A202321880746F0022558E /* HTTPClientTests.m */ = {isa = PBXFileReference; lastKnownFileType = sourcecode.c.objc; path = HTTPClientTests.m; sourceTree = "<group>"; };
/* End PBXFileReference section */

/* Begin PBXFrameworksBuildPhase section */
		B6A202011880746E0022558E /* Frameworks */ = {
			isa = PBXFrameworksBuildPhase;
			buildActionMask = 2147483647;
			files = (
				B6A2020A1880746E0022558E /* CoreGraphics.framework in Frameworks */,
				B6A2020C1880746E0022558E /* UIKit.framework in Frameworks */,
				B6A202081880746E0022558E /* Foundation.framework in Frameworks */,
			);
			runOnlyForDeploymentPostprocessing = 0;
		};
		B6A202221880746F0022558E /* Frameworks */ = {
			isa = PBXFrameworksBuildPhase;
			buildActionMask = 2147483647;
			files = (
				B6A202271880746F0022558E /* XCTest.framework in Frameworks */,
				B6A202291880746F0022558E /* UIKit.framework in Frameworks */,
				B6A202281880746F0022558E /* Foundation.framework in Frameworks */,
			);
			runOnlyForDeploymentPostprocessing = 0;
		};
/* End PBXFrameworksBuildPhase section */

/* Begin PBXGroup section */
		B6A201FB1880746E0022558E = {
			isa = PBXGroup;
			children = (
				B6A2020D1880746E0022558E /* HTTPClient */,
				B6A2022C1880746F0022558E /* HTTPClientTests */,
				B6A202061880746E0022558E /* Frameworks */,
				B6A202051880746E0022558E /* Products */,
			);
			sourceTree = "<group>";
		};
		B6A202051880746E0022558E /* Products */ = {
			isa = PBXGroup;
			children = (
				B6A202041880746E0022558E /* HTTPClient.app */,
				B6A202251880746F0022558E /* HTTPClientTests.xctest */,
			);
			name = Products;
			sourceTree = "<group>";
		};
		B6A202061880746E0022558E /* Frameworks */ = {
			isa = PBXGroup;
			children = (
				B6A202071880746E0022558E /* Foundation.framework */,
				B6A202091880746E0022558E /* CoreGraphics.framework */,
				B6A2020B1880746E0022558E /* UIKit.framework */,
				B6A202261880746F0022558E /* XCTest.framework */,
			);
			name = Frameworks;
			sourceTree = "<group>";
		};
		B6A2020D1880746E0022558E /* HTTPClient */ = {
			isa = PBXGroup;
			children = (
				B6A202161880746E0022558E /* TiAppDelegate.h */,
				B6A202171880746E0022558E /* TiAppDelegate.m */,
				B6A202191880746E0022558E /* Main.storyboard */,
				B6A2021C1880746E0022558E /* TiViewController.h */,
				B6A2021D1880746E0022558E /* TiViewController.m */,
				B6A2021F1880746E0022558E /* Images.xcassets */,
				B6A2020E1880746E0022558E /* Supporting Files */,
			);
			path = HTTPClient;
			sourceTree = "<group>";
		};
		B6A2020E1880746E0022558E /* Supporting Files */ = {
			isa = PBXGroup;
			children = (
				B6A2020F1880746E0022558E /* HTTPClient-Info.plist */,
				B6A202101880746E0022558E /* InfoPlist.strings */,
				B6A202131880746E0022558E /* main.m */,
				B6A202151880746E0022558E /* HTTPClient-Prefix.pch */,
			);
			name = "Supporting Files";
			sourceTree = "<group>";
		};
		B6A2022C1880746F0022558E /* HTTPClientTests */ = {
			isa = PBXGroup;
			children = (
				B6A202321880746F0022558E /* HTTPClientTests.m */,
				B6A2022D1880746F0022558E /* Supporting Files */,
			);
			path = HTTPClientTests;
			sourceTree = "<group>";
		};
		B6A2022D1880746F0022558E /* Supporting Files */ = {
			isa = PBXGroup;
			children = (
				B6A2022E1880746F0022558E /* HTTPClientTests-Info.plist */,
				B6A2022F1880746F0022558E /* InfoPlist.strings */,
			);
			name = "Supporting Files";
			sourceTree = "<group>";
		};
/* End PBXGroup section */

/* Begin PBXNativeTarget section */
		B6A202031880746E0022558E /* HTTPClient */ = {
			isa = PBXNativeTarget;
			buildConfigurationList = B6A202361880746F0022558E /* Build configuration list for PBXNativeTarget "HTTPClient" */;
			buildPhases = (
				B6A202001880746E0022558E /* Sources */,
				B6A202011880746E0022558E /* Frameworks */,
				B6A202021880746E0022558E /* Resources */,
			);
			buildRules = (
			);
			dependencies = (
			);
			name = HTTPClient;
			productName = HTTPClient;
			productReference = B6A202041880746E0022558E /* HTTPClient.app */;
			productType = "com.apple.product-type.application";
		};
		B6A202241880746F0022558E /* HTTPClientTests */ = {
			isa = PBXNativeTarget;
			buildConfigurationList = B6A202391880746F0022558E /* Build configuration list for PBXNativeTarget "HTTPClientTests" */;
			buildPhases = (
				B6A202211880746F0022558E /* Sources */,
				B6A202221880746F0022558E /* Frameworks */,
				B6A202231880746F0022558E /* Resources */,
			);
			buildRules = (
			);
			dependencies = (
				B6A2022B1880746F0022558E /* PBXTargetDependency */,
			);
			name = HTTPClientTests;
			productName = HTTPClientTests;
			productReference = B6A202251880746F0022558E /* HTTPClientTests.xctest */;
			productType = "com.apple.product-type.bundle.unit-test";
		};
/* End PBXNativeTarget section */

/* Begin PBXProject section */
		B6A201FC1880746E0022558E /* Project object */ = {
			isa = PBXProject;
			attributes = {
				CLASSPREFIX = Ti;
				LastUpgradeCheck = 0500;
				ORGANIZATIONNAME = "Pedro Enrique";
				TargetAttributes = {
					B6A202241880746F0022558E = {
						TestTargetID = B6A202031880746E0022558E;
					};
				};
			};
			buildConfigurationList = B6A201FF1880746E0022558E /* Build configuration list for PBXProject "HTTPClient" */;
			compatibilityVersion = "Xcode 3.2";
			developmentRegion = English;
			hasScannedForEncodings = 0;
			knownRegions = (
				en,
				Base,
			);
			mainGroup = B6A201FB1880746E0022558E;
			productRefGroup = B6A202051880746E0022558E /* Products */;
			projectDirPath = "";
			projectRoot = "";
			targets = (
				B6A202031880746E0022558E /* HTTPClient */,
				B6A202241880746F0022558E /* HTTPClientTests */,
			);
		};
/* End PBXProject section */

/* Begin PBXResourcesBuildPhase section */
		B6A202021880746E0022558E /* Resources */ = {
			isa = PBXResourcesBuildPhase;
			buildActionMask = 2147483647;
			files = (
				B6A202201880746E0022558E /* Images.xcassets in Resources */,
				B6A202121880746E0022558E /* InfoPlist.strings in Resources */,
				B6A2021B1880746E0022558E /* Main.storyboard in Resources */,
			);
			runOnlyForDeploymentPostprocessing = 0;
		};
		B6A202231880746F0022558E /* Resources */ = {
			isa = PBXResourcesBuildPhase;
			buildActionMask = 2147483647;
			files = (
				B6A202311880746F0022558E /* InfoPlist.strings in Resources */,
			);
			runOnlyForDeploymentPostprocessing = 0;
		};
/* End PBXResourcesBuildPhase section */

/* Begin PBXSourcesBuildPhase section */
		B6A202001880746E0022558E /* Sources */ = {
			isa = PBXSourcesBuildPhase;
			buildActionMask = 2147483647;
			files = (
				B6A202141880746E0022558E /* main.m in Sources */,
				B6A202181880746E0022558E /* TiAppDelegate.m in Sources */,
				B6A2021E1880746E0022558E /* TiViewController.m in Sources */,
			);
			runOnlyForDeploymentPostprocessing = 0;
		};
		B6A202211880746F0022558E /* Sources */ = {
			isa = PBXSourcesBuildPhase;
			buildActionMask = 2147483647;
			files = (
				B6A202331880746F0022558E /* HTTPClientTests.m in Sources */,
			);
			runOnlyForDeploymentPostprocessing = 0;
		};
/* End PBXSourcesBuildPhase section */

/* Begin PBXTargetDependency section */
		B6A2022B1880746F0022558E /* PBXTargetDependency */ = {
			isa = PBXTargetDependency;
			target = B6A202031880746E0022558E /* HTTPClient */;
			targetProxy = B6A2022A1880746F0022558E /* PBXContainerItemProxy */;
		};
/* End PBXTargetDependency section */

/* Begin PBXVariantGroup section */
		B6A202101880746E0022558E /* InfoPlist.strings */ = {
			isa = PBXVariantGroup;
			children = (
				B6A202111880746E0022558E /* en */,
			);
			name = InfoPlist.strings;
			sourceTree = "<group>";
		};
		B6A202191880746E0022558E /* Main.storyboard */ = {
			isa = PBXVariantGroup;
			children = (
				B6A2021A1880746E0022558E /* Base */,
			);
			name = Main.storyboard;
			sourceTree = "<group>";
		};
		B6A2022F1880746F0022558E /* InfoPlist.strings */ = {
			isa = PBXVariantGroup;
			children = (
				B6A202301880746F0022558E /* en */,
			);
			name = InfoPlist.strings;
			sourceTree = "<group>";
		};
/* End PBXVariantGroup section */

/* Begin XCBuildConfiguration section */
		B6A202341880746F0022558E /* Debug */ = {
			isa = XCBuildConfiguration;
			buildSettings = {
				ALWAYS_SEARCH_USER_PATHS = NO;
				ARCHS = "$(ARCHS_STANDARD_INCLUDING_64_BIT)";
				CLANG_CXX_LANGUAGE_STANDARD = "gnu++0x";
				CLANG_CXX_LIBRARY = "libc++";
				CLANG_ENABLE_MODULES = YES;
				CLANG_ENABLE_OBJC_ARC = YES;
				CLANG_WARN_BOOL_CONVERSION = YES;
				CLANG_WARN_CONSTANT_CONVERSION = YES;
				CLANG_WARN_DIRECT_OBJC_ISA_USAGE = YES_ERROR;
				CLANG_WARN_EMPTY_BODY = YES;
				CLANG_WARN_ENUM_CONVERSION = YES;
				CLANG_WARN_INT_CONVERSION = YES;
				CLANG_WARN_OBJC_ROOT_CLASS = YES_ERROR;
				CLANG_WARN__DUPLICATE_METHOD_MATCH = YES;
				"CODE_SIGN_IDENTITY[sdk=iphoneos*]" = "iPhone Developer";
				COPY_PHASE_STRIP = NO;
				GCC_C_LANGUAGE_STANDARD = gnu99;
				GCC_DYNAMIC_NO_PIC = NO;
				GCC_OPTIMIZATION_LEVEL = 0;
				GCC_PREPROCESSOR_DEFINITIONS = (
					"DEBUG=1",
					"$(inherited)",
				);
				GCC_SYMBOLS_PRIVATE_EXTERN = NO;
				GCC_WARN_64_TO_32_BIT_CONVERSION = YES;
				GCC_WARN_ABOUT_RETURN_TYPE = YES_ERROR;
				GCC_WARN_UNDECLARED_SELECTOR = YES;
				GCC_WARN_UNINITIALIZED_AUTOS = YES;
				GCC_WARN_UNUSED_FUNCTION = YES;
				GCC_WARN_UNUSED_VARIABLE = YES;
				IPHONEOS_DEPLOYMENT_TARGET = 7.0;
				ONLY_ACTIVE_ARCH = YES;
				SDKROOT = iphoneos;
			};
			name = Debug;
		};
		B6A202351880746F0022558E /* Release */ = {
			isa = XCBuildConfiguration;
			buildSettings = {
				ALWAYS_SEARCH_USER_PATHS = NO;
				ARCHS = "$(ARCHS_STANDARD_INCLUDING_64_BIT)";
				CLANG_CXX_LANGUAGE_STANDARD = "gnu++0x";
				CLANG_CXX_LIBRARY = "libc++";
				CLANG_ENABLE_MODULES = YES;
				CLANG_ENABLE_OBJC_ARC = YES;
				CLANG_WARN_BOOL_CONVERSION = YES;
				CLANG_WARN_CONSTANT_CONVERSION = YES;
				CLANG_WARN_DIRECT_OBJC_ISA_USAGE = YES_ERROR;
				CLANG_WARN_EMPTY_BODY = YES;
				CLANG_WARN_ENUM_CONVERSION = YES;
				CLANG_WARN_INT_CONVERSION = YES;
				CLANG_WARN_OBJC_ROOT_CLASS = YES_ERROR;
				CLANG_WARN__DUPLICATE_METHOD_MATCH = YES;
				"CODE_SIGN_IDENTITY[sdk=iphoneos*]" = "iPhone Developer";
				COPY_PHASE_STRIP = YES;
				ENABLE_NS_ASSERTIONS = NO;
				GCC_C_LANGUAGE_STANDARD = gnu99;
				GCC_WARN_64_TO_32_BIT_CONVERSION = YES;
				GCC_WARN_ABOUT_RETURN_TYPE = YES_ERROR;
				GCC_WARN_UNDECLARED_SELECTOR = YES;
				GCC_WARN_UNINITIALIZED_AUTOS = YES;
				GCC_WARN_UNUSED_FUNCTION = YES;
				GCC_WARN_UNUSED_VARIABLE = YES;
				IPHONEOS_DEPLOYMENT_TARGET = 7.0;
				SDKROOT = iphoneos;
				VALIDATE_PRODUCT = YES;
			};
			name = Release;
		};
		B6A202371880746F0022558E /* Debug */ = {
			isa = XCBuildConfiguration;
			buildSettings = {
				ASSETCATALOG_COMPILER_APPICON_NAME = AppIcon;
				ASSETCATALOG_COMPILER_LAUNCHIMAGE_NAME = LaunchImage;
				GCC_PRECOMPILE_PREFIX_HEADER = YES;
				GCC_PREFIX_HEADER = "HTTPClient/HTTPClient-Prefix.pch";
				INFOPLIST_FILE = "HTTPClient/HTTPClient-Info.plist";
				PRODUCT_NAME = "$(TARGET_NAME)";
				WRAPPER_EXTENSION = app;
			};
			name = Debug;
		};
		B6A202381880746F0022558E /* Release */ = {
			isa = XCBuildConfiguration;
			buildSettings = {
				ASSETCATALOG_COMPILER_APPICON_NAME = AppIcon;
				ASSETCATALOG_COMPILER_LAUNCHIMAGE_NAME = LaunchImage;
				GCC_PRECOMPILE_PREFIX_HEADER = YES;
				GCC_PREFIX_HEADER = "HTTPClient/HTTPClient-Prefix.pch";
				INFOPLIST_FILE = "HTTPClient/HTTPClient-Info.plist";
				PRODUCT_NAME = "$(TARGET_NAME)";
				WRAPPER_EXTENSION = app;
			};
			name = Release;
		};
		B6A2023A1880746F0022558E /* Debug */ = {
			isa = XCBuildConfiguration;
			buildSettings = {
				ARCHS = "$(ARCHS_STANDARD_INCLUDING_64_BIT)";
				BUNDLE_LOADER = "$(BUILT_PRODUCTS_DIR)/HTTPClient.app/HTTPClient";
				FRAMEWORK_SEARCH_PATHS = (
					"$(SDKROOT)/Developer/Library/Frameworks",
					"$(inherited)",
					"$(DEVELOPER_FRAMEWORKS_DIR)",
				);
				GCC_PRECOMPILE_PREFIX_HEADER = YES;
				GCC_PREFIX_HEADER = "HTTPClient/HTTPClient-Prefix.pch";
				GCC_PREPROCESSOR_DEFINITIONS = (
					"DEBUG=1",
					"$(inherited)",
				);
				INFOPLIST_FILE = "HTTPClientTests/HTTPClientTests-Info.plist";
				PRODUCT_NAME = "$(TARGET_NAME)";
				TEST_HOST = "$(BUNDLE_LOADER)";
				WRAPPER_EXTENSION = xctest;
			};
			name = Debug;
		};
		B6A2023B1880746F0022558E /* Release */ = {
			isa = XCBuildConfiguration;
			buildSettings = {
				ARCHS = "$(ARCHS_STANDARD_INCLUDING_64_BIT)";
				BUNDLE_LOADER = "$(BUILT_PRODUCTS_DIR)/HTTPClient.app/HTTPClient";
				FRAMEWORK_SEARCH_PATHS = (
					"$(SDKROOT)/Developer/Library/Frameworks",
					"$(inherited)",
					"$(DEVELOPER_FRAMEWORKS_DIR)",
				);
				GCC_PRECOMPILE_PREFIX_HEADER = YES;
				GCC_PREFIX_HEADER = "HTTPClient/HTTPClient-Prefix.pch";
				INFOPLIST_FILE = "HTTPClientTests/HTTPClientTests-Info.plist";
				PRODUCT_NAME = "$(TARGET_NAME)";
				TEST_HOST = "$(BUNDLE_LOADER)";
				WRAPPER_EXTENSION = xctest;
			};
			name = Release;
		};
/* End XCBuildConfiguration section */

/* Begin XCConfigurationList section */
		B6A201FF1880746E0022558E /* Build configuration list for PBXProject "HTTPClient" */ = {
			isa = XCConfigurationList;
			buildConfigurations = (
				B6A202341880746F0022558E /* Debug */,
				B6A202351880746F0022558E /* Release */,
			);
			defaultConfigurationIsVisible = 0;
			defaultConfigurationName = Release;
		};
		B6A202361880746F0022558E /* Build configuration list for PBXNativeTarget "HTTPClient" */ = {
			isa = XCConfigurationList;
			buildConfigurations = (
				B6A202371880746F0022558E /* Debug */,
				B6A202381880746F0022558E /* Release */,
			);
			defaultConfigurationIsVisible = 0;
		};
		B6A202391880746F0022558E /* Build configuration list for PBXNativeTarget "HTTPClientTests" */ = {
			isa = XCConfigurationList;
			buildConfigurations = (
				B6A2023A1880746F0022558E /* Debug */,
				B6A2023B1880746F0022558E /* Release */,
			);
			defaultConfigurationIsVisible = 0;
		};
/* End XCConfigurationList section */
	};
	rootObject = B6A201FC1880746E0022558E /* Project object */;
}
